
Microsoft Visual Studio Solution File, Format Version 12.00
# Visual Studio 15
Project("{FAE04EC0-301F-11D3-BF4B-00C04F79EFBC}") = "neophyte.iOS", "neophyte.iOS\neophyte.iOS.csproj", "{127510BE-20AD-423F-9402-888113115A1F}"
EndProject
Project("{FAE04EC0-301F-11D3-BF4B-00C04F79EFBC}") = "neophyte", "neophyte\neophyte.csproj", "{A8DCD51D-7F49-461F-9D67-7449C2C957E0}"
EndProject
Project("{FAE04EC0-301F-11D3-BF4B-00C04F79EFBC}") = "neophyte.Android", "neophyte.Android\neophyte.Android.csproj", "{81FECB65-31E1-495F-B189-E50805B3A5F3}"
EndProject
Global
	GlobalSection(SolutionConfigurationPlatforms) = preSolution
		Debug|Any CPU = Debug|Any CPU
		Release|Any CPU = Release|Any CPU
		Debug|iPhoneSimulator = Debug|iPhoneSimulator
		Release|iPhoneSimulator = Release|iPhoneSimulator
		Debug|iPhone = Debug|iPhone
		Release|iPhone = Release|iPhone
	EndGlobalSection
	GlobalSection(ProjectConfigurationPlatforms) = postSolution
		{127510BE-20AD-423F-9402-888113115A1F}.Debug|Any CPU.ActiveCfg = Debug|iPhoneSimulator
		{127510BE-20AD-423F-9402-888113115A1F}.Debug|Any CPU.Build.0 = Debug|iPhoneSimulator
		{127510BE-20AD-423F-9402-888113115A1F}.Release|Any CPU.ActiveCfg = Release|iPhoneSimulator
		{127510BE-20AD-423F-9402-888113115A1F}.Release|Any CPU.Build.0 = Release|iPhoneSimulator
		{127510BE-20AD-423F-9402-888113115A1F}.Debug|iPhoneSimulator.ActiveCfg = Debug|iPhoneSimulator
		{127510BE-20AD-423F-9402-888113115A1F}.Debug|iPhoneSimulator.Build.0 = Debug|iPhoneSimulator
		{127510BE-20AD-423F-9402-888113115A1F}.Release|iPhoneSimulator.ActiveCfg = Release|iPhoneSimulator
		{127510BE-20AD-423F-9402-888113115A1F}.Release|iPhoneSimulator.Build.0 = Release|iPhoneSimulator
		{127510BE-20AD-423F-9402-888113115A1F}.Debug|iPhone.ActiveCfg = Debug|iPhone
		{127510BE-20AD-423F-9402-888113115A1F}.Debug|iPhone.Build.0 = Debug|iPhone
		{127510BE-20AD-423F-9402-888113115A1F}.Release|iPhone.ActiveCfg = Release|iPhone
		{127510BE-20AD-423F-9402-888113115A1F}.Release|iPhone.Build.0 = Release|iPhone
		{A8DCD51D-7F49-461F-9D67-7449C2C957E0}.Debug|Any CPU.ActiveCfg = Debug|Any CPU
		{A8DCD51D-7F49-461F-9D67-7449C2C957E0}.Debug|Any CPU.Build.0 = Debug|Any CPU
		{A8DCD51D-7F49-461F-9D67-7449C2C957E0}.Release|Any CPU.ActiveCfg = Release|Any CPU
		{A8DCD51D-7F49-461F-9D67-7449C2C957E0}.Release|Any CPU.Build.0 = Release|Any CPU
		{A8DCD51D-7F49-461F-9D67-7449C2C957E0}.Debug|iPhoneSimulator.ActiveCfg = Debug|Any CPU
		{A8DCD51D-7F49-461F-9D67-7449C2C957E0}.Debug|iPhoneSimulator.Build.0 = Debug|Any CPU
		{A8DCD51D-7F49-461F-9D67-7449C2C957E0}.Release|iPhoneSimulator.ActiveCfg = Release|Any CPU
		{A8DCD51D-7F49-461F-9D67-7449C2C957E0}.Release|iPhoneSimulator.Build.0 = Release|Any CPU
		{A8DCD51D-7F49-461F-9D67-7449C2C957E0}.Debug|iPhone.ActiveCfg = Debug|Any CPU
		{A8DCD51D-7F49-461F-9D67-7449C2C957E0}.Debug|iPhone.Build.0 = Debug|Any CPU
		{A8DCD51D-7F49-461F-9D67-7449C2C957E0}.Release|iPhone.ActiveCfg = Release|Any CPU
		{A8DCD51D-7F49-461F-9D67-7449C2C957E0}.Release|iPhone.Build.0 = Release|Any CPU
		{81FECB65-31E1-495F-B189-E50805B3A5F3}.Debug|Any CPU.ActiveCfg = Debug|Any CPU
		{81FECB65-31E1-495F-B189-E50805B3A5F3}.Debug|Any CPU.Build.0 = Debug|Any CPU
		{81FECB65-31E1-495F-B189-E50805B3A5F3}.Release|Any CPU.ActiveCfg = Release|Any CPU
		{81FECB65-31E1-495F-B189-E50805B3A5F3}.Release|Any CPU.Build.0 = Release|Any CPU
		{81FECB65-31E1-495F-B189-E50805B3A5F3}.Debug|iPhoneSimulator.ActiveCfg = Debug|Any CPU
		{81FECB65-31E1-495F-B189-E50805B3A5F3}.Debug|iPhoneSimulator.Build.0 = Debug|Any CPU
		{81FECB65-31E1-495F-B189-E50805B3A5F3}.Release|iPhoneSimulator.ActiveCfg = Release|Any CPU
		{81FECB65-31E1-495F-B189-E50805B3A5F3}.Release|iPhoneSimulator.Build.0 = Release|Any CPU
		{81FECB65-31E1-495F-B189-E50805B3A5F3}.Debug|iPhone.ActiveCfg = Debug|Any CPU
		{81FECB65-31E1-495F-B189-E50805B3A5F3}.Debug|iPhone.Build.0 = Debug|Any CPU
		{81FECB65-31E1-495F-B189-E50805B3A5F3}.Release|iPhone.ActiveCfg = Release|Any CPU
		{81FECB65-31E1-495F-B189-E50805B3A5F3}.Release|iPhone.Build.0 = Release|Any CPU
	EndGlobalSection
EndGlobal
